// !$*UTF8*$!
{
	archiveVersion = 1;
	classes = {
	};
	objectVersion = 50;
	objects = {

/* Begin PBXBuildFile section */
		E98EF32A2640F00C00F52702 /* PeopleNamesApp.swift in Sources */ = {isa = PBXBuildFile; fileRef = E98EF3292640F00C00F52702 /* PeopleNamesApp.swift */; };
		E98EF32C2640F00C00F52702 /* ContentView.swift in Sources */ = {isa = PBXBuildFile; fileRef = E98EF32B2640F00C00F52702 /* ContentView.swift */; };
		E98EF32E2640F00D00F52702 /* Assets.xcassets in Resources */ = {isa = PBXBuildFile; fileRef = E98EF32D2640F00D00F52702 /* Assets.xcassets */; };
		E98EF3312640F00D00F52702 /* Preview Assets.xcassets in Resources */ = {isa = PBXBuildFile; fileRef = E98EF3302640F00D00F52702 /* Preview Assets.xcassets */; };
		E98EF3332640F00D00F52702 /* Persistence.swift in Sources */ = {isa = PBXBuildFile; fileRef = E98EF3322640F00D00F52702 /* Persistence.swift */; };
		E98EF3362640F00D00F52702 /* PeopleNames.xcdatamodeld in Sources */ = {isa = PBXBuildFile; fileRef = E98EF3342640F00D00F52702 /* PeopleNames.xcdatamodeld */; };
/* End PBXBuildFile section */

/* Begin PBXFileReference section */
		E98EF3262640F00C00F52702 /* PeopleNames.app */ = {isa = PBXFileReference; explicitFileType = wrapper.application; includeInIndex = 0; path = PeopleNames.app; sourceTree = BUILT_PRODUCTS_DIR; };
		E98EF3292640F00C00F52702 /* PeopleNamesApp.swift */ = {isa = PBXFileReference; lastKnownFileType = sourcecode.swift; path = PeopleNamesApp.swift; sourceTree = "<group>"; };
		E98EF32B2640F00C00F52702 /* ContentView.swift */ = {isa = PBXFileReference; lastKnownFileType = sourcecode.swift; path = ContentView.swift; sourceTree = "<group>"; };
		E98EF32D2640F00D00F52702 /* Assets.xcassets */ = {isa = PBXFileReference; lastKnownFileType = folder.assetcatalog; path = Assets.xcassets; sourceTree = "<group>"; };
		E98EF3302640F00D00F52702 /* Preview Assets.xcassets */ = {isa = PBXFileReference; lastKnownFileType = folder.assetcatalog; path = "Preview Assets.xcassets"; sourceTree = "<group>"; };
		E98EF3322640F00D00F52702 /* Persistence.swift */ = {isa = PBXFileReference; lastKnownFileType = sourcecode.swift; path = Persistence.swift; sourceTree = "<group>"; };
		E98EF3352640F00D00F52702 /* PeopleNames.xcdatamodel */ = {isa = PBXFileReference; lastKnownFileType = wrapper.xcdatamodel; path = PeopleNames.xcdatamodel; sourceTree = "<group>"; };
		E98EF3372640F00D00F52702 /* Info.plist */ = {isa = PBXFileReference; lastKnownFileType = text.plist.xml; path = Info.plist; sourceTree = "<group>"; };
/* End PBXFileReference section */

/* Begin PBXFrameworksBuildPhase section */
		E98EF3232640F00C00F52702 /* Frameworks */ = {
			isa = PBXFrameworksBuildPhase;
			buildActionMask = 2147483647;
			files = (
			);
			runOnlyForDeploymentPostprocessing = 0;
		};
/* End PBXFrameworksBuildPhase section */

/* Begin PBXGroup section */
		E98EF31D2640F00C00F52702 = {
			isa = PBXGroup;
			children = (
				E98EF3282640F00C00F52702 /* PeopleNames */,
				E98EF3272640F00C00F52702 /* Products */,
			);
			sourceTree = "<group>";
		};
		E98EF3272640F00C00F52702 /* Products */ = {
			isa = PBXGroup;
			children = (
				E98EF3262640F00C00F52702 /* PeopleNames.app */,
			);
			name = Products;
			sourceTree = "<group>";
		};
		E98EF3282640F00C00F52702 /* PeopleNames */ = {
			isa = PBXGroup;
			children = (
				E98EF3292640F00C00F52702 /* PeopleNamesApp.swift */,
				E98EF32B2640F00C00F52702 /* ContentView.swift */,
				E98EF32D2640F00D00F52702 /* Assets.xcassets */,
				E98EF3322640F00D00F52702 /* Persistence.swift */,
				E98EF3372640F00D00F52702 /* Info.plist */,
				E98EF3342640F00D00F52702 /* PeopleNames.xcdatamodeld */,
				E98EF32F2640F00D00F52702 /* Preview Content */,
			);
			path = PeopleNames;
			sourceTree = "<group>";
		};
		E98EF32F2640F00D00F52702 /* Preview Content */ = {
			isa = PBXGroup;
			children = (
				E98EF3302640F00D00F52702 /* Preview Assets.xcassets */,
			);
			path = "Preview Content";
			sourceTree = "<group>";
		};
/* End PBXGroup section */

/* Begin PBXNativeTarget section */
		E98EF3252640F00C00F52702 /* PeopleNames */ = {
			isa = PBXNativeTarget;
			buildConfigurationList = E98EF33A2640F00D00F52702 /* Build configuration list for PBXNativeTarget "PeopleNames" */;
			buildPhases = (
				E98EF3222640F00C00F52702 /* Sources */,
				E98EF3232640F00C00F52702 /* Frameworks */,
				E98EF3242640F00C00F52702 /* Resources */,
			);
			buildRules = (
			);
			dependencies = (
			);
			name = PeopleNames;
			productName = PeopleNames;
			productReference = E98EF3262640F00C00F52702 /* PeopleNames.app */;
			productType = "com.apple.product-type.application";
		};
/* End PBXNativeTarget section */

/* Begin PBXProject section */
		E98EF31E2640F00C00F52702 /* Project object */ = {
			isa = PBXProject;
			attributes = {
				LastSwiftUpdateCheck = 1250;
				LastUpgradeCheck = 1250;
				TargetAttributes = {
					E98EF3252640F00C00F52702 = {
						CreatedOnToolsVersion = 12.5;
					};
				};
			};
			buildConfigurationList = E98EF3212640F00C00F52702 /* Build configuration list for PBXProject "PeopleNames" */;
			compatibilityVersion = "Xcode 9.3";
			developmentRegion = en;
			hasScannedForEncodings = 0;
			knownRegions = (
				en,
				Base,
			);
			mainGroup = E98EF31D2640F00C00F52702;
			productRefGroup = E98EF3272640F00C00F52702 /* Products */;
			projectDirPath = "";
			projectRoot = "";
			targets = (
				E98EF3252640F00C00F52702 /* PeopleNames */,
			);
		};
/* End PBXProject section */

/* Begin PBXResourcesBuildPhase section */
		E98EF3242640F00C00F52702 /* Resources */ = {
			isa = PBXResourcesBuildPhase;
			buildActionMask = 2147483647;
			files = (
				E98EF3312640F00D00F52702 /* Preview Assets.xcassets in Resources */,
				E98EF32E2640F00D00F52702 /* Assets.xcassets in Resources */,
			);
			runOnlyForDeploymentPostprocessing = 0;
		};
/* End PBXResourcesBuildPhase section */

/* Begin PBXSourcesBuildPhase section */
		E98EF3222640F00C00F52702 /* Sources */ = {
			isa = PBXSourcesBuildPhase;
			buildActionMask = 2147483647;
			files = (
				E98EF3332640F00D00F52702 /* Persistence.swift in Sources */,
				E98EF3362640F00D00F52702 /* PeopleNames.xcdatamodeld in Sources */,
				E98EF32C2640F00C00F52702 /* ContentView.swift in Sources */,
				E98EF32A2640F00C00F52702 /* PeopleNamesApp.swift in Sources */,
			);
			runOnlyForDeploymentPostprocessing = 0;
		};
/* End PBXSourcesBuildPhase section */

/* Begin XCBuildConfiguration section */
		E98EF3382640F00D00F52702 /* Debug */ = {
			isa = XCBuildConfiguration;
			buildSettings = {
				ALWAYS_SEARCH_USER_PATHS = NO;
				CLANG_ANALYZER_NONNULL = YES;
				CLANG_ANALYZER_NUMBER_OBJECT_CONVERSION = YES_AGGRESSIVE;
				CLANG_CXX_LANGUAGE_STANDARD = "gnu++14";
				CLANG_CXX_LIBRARY = "libc++";
				CLANG_ENABLE_MODULES = YES;
				CLANG_ENABLE_OBJC_ARC = YES;
				CLANG_ENABLE_OBJC_WEAK = YES;
				CLANG_WARN_BLOCK_CAPTURE_AUTORELEASING = YES;
				CLANG_WARN_BOOL_CONVERSION = YES;
				CLANG_WARN_COMMA = YES;
				CLANG_WARN_CONSTANT_CONVERSION = YES;
				CLANG_WARN_DEPRECATED_OBJC_IMPLEMENTATIONS = YES;
				CLANG_WARN_DIRECT_OBJC_ISA_USAGE = YES_ERROR;
				CLANG_WARN_DOCUMENTATION_COMMENTS = YES;
				CLANG_WARN_EMPTY_BODY = YES;
				CLANG_WARN_ENUM_CONVERSION = YES;
				CLANG_WARN_INFINITE_RECURSION = YES;
				CLANG_WARN_INT_CONVERSION = YES;
				CLANG_WARN_NON_LITERAL_NULL_CONVERSION = YES;
				CLANG_WARN_OBJC_IMPLICIT_RETAIN_SELF = YES;
				CLANG_WARN_OBJC_LITERAL_CONVERSION = YES;
				CLANG_WARN_OBJC_ROOT_CLASS = YES_ERROR;
				CLANG_WARN_QUOTED_INCLUDE_IN_FRAMEWORK_HEADER = YES;
				CLANG_WARN_RANGE_LOOP_ANALYSIS = YES;
				CLANG_WARN_STRICT_PROTOTYPES = YES;
				CLANG_WARN_SUSPICIOUS_MOVE = YES;
				CLANG_WARN_UNGUARDED_AVAILABILITY = YES_AGGRESSIVE;
				CLANG_WARN_UNREACHABLE_CODE = YES;
				CLANG_WARN__DUPLICATE_METHOD_MATCH = YES;
				COPY_PHASE_STRIP = NO;
				DEBUG_INFORMATION_FORMAT = dwarf;
				ENABLE_STRICT_OBJC_MSGSEND = YES;
				ENABLE_TESTABILITY = YES;
				GCC_C_LANGUAGE_STANDARD = gnu11;
				GCC_DYNAMIC_NO_PIC = NO;
				GCC_NO_COMMON_BLOCKS = YES;
				GCC_OPTIMIZATION_LEVEL = 0;
				GCC_PREPROCESSOR_DEFINITIONS = (
					"DEBUG=1",
					"$(inherited)",
				);
				GCC_WARN_64_TO_32_BIT_CONVERSION = YES;
				GCC_WARN_ABOUT_RETURN_TYPE = YES_ERROR;
				GCC_WARN_UNDECLARED_SELECTOR = YES;
				GCC_WARN_UNINITIALIZED_AUTOS = YES_AGGRESSIVE;
				GCC_WARN_UNUSED_FUNCTION = YES;
				GCC_WARN_UNUSED_VARIABLE = YES;
				IPHONEOS_DEPLOYMENT_TARGET = 14.5;
				MTL_ENABLE_DEBUG_INFO = INCLUDE_SOURCE;
				MTL_FAST_MATH = YES;
				ONLY_ACTIVE_ARCH = YES;
				SDKROOT = iphoneos;
				SWIFT_ACTIVE_COMPILATION_CONDITIONS = DEBUG;
				SWIFT_OPTIMIZATION_LEVEL = "-Onone";
			};
			name = Debug;
		};
		E98EF3392640F00D00F52702 /* Release */ = {
			isa = XCBuildConfiguration;
			buildSettings = {
				ALWAYS_SEARCH_USER_PATHS = NO;
				CLANG_ANALYZER_NONNULL = YES;
				CLANG_ANALYZER_NUMBER_OBJECT_CONVERSION = YES_AGGRESSIVE;
				CLANG_CXX_LANGUAGE_STANDARD = "gnu++14";
				CLANG_CXX_LIBRARY = "libc++";
				CLANG_ENABLE_MODULES = YES;
				CLANG_ENABLE_OBJC_ARC = YES;
				CLANG_ENABLE_OBJC_WEAK = YES;
				CLANG_WARN_BLOCK_CAPTURE_AUTORELEASING = YES;
				CLANG_WARN_BOOL_CONVERSION = YES;
				CLANG_WARN_COMMA = YES;
				CLANG_WARN_CONSTANT_CONVERSION = YES;
				CLANG_WARN_DEPRECATED_OBJC_IMPLEMENTATIONS = YES;
				CLANG_WARN_DIRECT_OBJC_ISA_USAGE = YES_ERROR;
				CLANG_WARN_DOCUMENTATION_COMMENTS = YES;
				CLANG_WARN_EMPTY_BODY = YES;
				CLANG_WARN_ENUM_CONVERSION = YES;
				CLANG_WARN_INFINITE_RECURSION = YES;
				CLANG_WARN_INT_CONVERSION = YES;
				CLANG_WARN_NON_LITERAL_NULL_CONVERSION = YES;
				CLANG_WARN_OBJC_IMPLICIT_RETAIN_SELF = YES;
				CLANG_WARN_OBJC_LITERAL_CONVERSION = YES;
				CLANG_WARN_OBJC_ROOT_CLASS = YES_ERROR;
				CLANG_WARN_QUOTED_INCLUDE_IN_FRAMEWORK_HEADER = YES;
				CLANG_WARN_RANGE_LOOP_ANALYSIS = YES;
				CLANG_WARN_STRICT_PROTOTYPES = YES;
				CLANG_WARN_SUSPICIOUS_MOVE = YES;
				CLANG_WARN_UNGUARDED_AVAILABILITY = YES_AGGRESSIVE;
				CLANG_WARN_UNREACHABLE_CODE = YES;
				CLANG_WARN__DUPLICATE_METHOD_MATCH = YES;
				COPY_PHASE_STRIP = NO;
				DEBUG_INFORMATION_FORMAT = "dwarf-with-dsym";
				ENABLE_NS_ASSERTIONS = NO;
				ENABLE_STRICT_OBJC_MSGSEND = YES;
				GCC_C_LANGUAGE_STANDARD = gnu11;
				GCC_NO_COMMON_BLOCKS = YES;
				GCC_WARN_64_TO_32_BIT_CONVERSION = YES;
				GCC_WARN_ABOUT_RETURN_TYPE = YES_ERROR;
				GCC_WARN_UNDECLARED_SELECTOR = YES;
				GCC_WARN_UNINITIALIZED_AUTOS = YES_AGGRESSIVE;
				GCC_WARN_UNUSED_FUNCTION = YES;
				GCC_WARN_UNUSED_VARIABLE = YES;
				IPHONEOS_DEPLOYMENT_TARGET = 14.5;
				MTL_ENABLE_DEBUG_INFO = NO;
				MTL_FAST_MATH = YES;
				SDKROOT = iphoneos;
				SWIFT_COMPILATION_MODE = wholemodule;
				SWIFT_OPTIMIZATION_LEVEL = "-O";
				VALIDATE_PRODUCT = YES;
			};
			name = Release;
		};
		E98EF33B2640F00D00F52702 /* Debug */ = {
			isa = XCBuildConfiguration;
			buildSettings = {
				ASSETCATALOG_COMPILER_APPICON_NAME = AppIcon;
				ASSETCATALOG_COMPILER_GLOBAL_ACCENT_COLOR_NAME = AccentColor;
				CODE_SIGN_STYLE = Automatic;
				DEVELOPMENT_ASSET_PATHS = "\"PeopleNames/Preview Content\"";
				DEVELOPMENT_TEAM = 4S76QPKJ4Q;
				ENABLE_PREVIEWS = YES;
				INFOPLIST_FILE = PeopleNames/Info.plist;
				IPHONEOS_DEPLOYMENT_TARGET = 14.0;
				LD_RUNPATH_SEARCH_PATHS = (
					"$(inherited)",
					"@executable_path/Frameworks",
				);
				PRODUCT_BUNDLE_IDENTIFIER = com.appeleando.PeopleNames;
				PRODUCT_NAME = "$(TARGET_NAME)";
				SWIFT_VERSION = 5.0;
				TARGETED_DEVICE_FAMILY = "1,2";
			};
			name = Debug;
		};
		E98EF33C2640F00D00F52702 /* Release */ = {
			isa = XCBuildConfiguration;
			buildSettings = {
				ASSETCATALOG_COMPILER_APPICON_NAME = AppIcon;
				ASSETCATALOG_COMPILER_GLOBAL_ACCENT_COLOR_NAME = AccentColor;
				CODE_SIGN_STYLE = Automatic;
				DEVELOPMENT_ASSET_PATHS = "\"PeopleNames/Preview Content\"";
				DEVELOPMENT_TEAM = 4S76QPKJ4Q;
				ENABLE_PREVIEWS = YES;
				INFOPLIST_FILE = PeopleNames/Info.plist;
				IPHONEOS_DEPLOYMENT_TARGET = 14.0;
				LD_RUNPATH_SEARCH_PATHS = (
					"$(inherited)",
					"@executable_path/Frameworks",
				);
				PRODUCT_BUNDLE_IDENTIFIER = com.appeleando.PeopleNames;
				PRODUCT_NAME = "$(TARGET_NAME)";
				SWIFT_VERSION = 5.0;
				TARGETED_DEVICE_FAMILY = "1,2";
			};
			name = Release;
		};
/* End XCBuildConfiguration section */

/* Begin XCConfigurationList section */
		E98EF3212640F00C00F52702 /* Build configuration list for PBXProject "PeopleNames" */ = {
			isa = XCConfigurationList;
			buildConfigurations = (
				E98EF3382640F00D00F52702 /* Debug */,
				E98EF3392640F00D00F52702 /* Release */,
			);
			defaultConfigurationIsVisible = 0;
			defaultConfigurationName = Release;
		};
		E98EF33A2640F00D00F52702 /* Build configuration list for PBXNativeTarget "PeopleNames" */ = {
			isa = XCConfigurationList;
			buildConfigurations = (
				E98EF33B2640F00D00F52702 /* Debug */,
				E98EF33C2640F00D00F52702 /* Release */,
			);
			defaultConfigurationIsVisible = 0;
			defaultConfigurationName = Release;
		};
/* End XCConfigurationList section */

/* Begin XCVersionGroup section */
		E98EF3342640F00D00F52702 /* PeopleNames.xcdatamodeld */ = {
			isa = XCVersionGroup;
			children = (
				E98EF3352640F00D00F52702 /* PeopleNames.xcdatamodel */,
			);
			currentVersion = E98EF3352640F00D00F52702 /* PeopleNames.xcdatamodel */;
			path = PeopleNames.xcdatamodeld;
			sourceTree = "<group>";
			versionGroupType = wrapper.xcdatamodel;
		};
/* End XCVersionGroup section */
	};
	rootObject = E98EF31E2640F00C00F52702 /* Project object */;
}
