// !$*UTF8*$!
{
	archiveVersion = 1;
	classes = {
	};
	objectVersion = 50;
	objects = {

/* Begin PBXBuildFile section */
		E985ACF5265EA5F700F8A7B2 /* SettingsView.swift in Sources */ = {isa = PBXBuildFile; fileRef = E985ACF4265EA5F700F8A7B2 /* SettingsView.swift */; };
		E985ACF7265EADAF00F8A7B2 /* ModelBase.swift in Sources */ = {isa = PBXBuildFile; fileRef = E985ACF6265EADAF00F8A7B2 /* ModelBase.swift */; };
		E985ACF9265EC52100F8A7B2 /* DieView.swift in Sources */ = {isa = PBXBuildFile; fileRef = E985ACF8265EC52100F8A7B2 /* DieView.swift */; };
		E99646D7265CAD9100862171 /* HistoryView.swift in Sources */ = {isa = PBXBuildFile; fileRef = E99646D6265CAD9100862171 /* HistoryView.swift */; };
		E99646D9265CAEFD00862171 /* Model.swift in Sources */ = {isa = PBXBuildFile; fileRef = E99646D8265CAEFD00862171 /* Model.swift */; };
		E99646DB265CB4EC00862171 /* RollRound.swift in Sources */ = {isa = PBXBuildFile; fileRef = E99646DA265CB4EC00862171 /* RollRound.swift */; };
		E99646DD265CB65100862171 /* RollRoundFile.swift in Sources */ = {isa = PBXBuildFile; fileRef = E99646DC265CB65100862171 /* RollRoundFile.swift */; };
		E9B5602D265DC3F4000FCD2B /* ModelFile.swift in Sources */ = {isa = PBXBuildFile; fileRef = E9B5602C265DC3F4000FCD2B /* ModelFile.swift */; };
		E9B56032265DF540000FCD2B /* ModelPreview.swift in Sources */ = {isa = PBXBuildFile; fileRef = E9B56031265DF540000FCD2B /* ModelPreview.swift */; };
		E9B56035265DF939000FCD2B /* OptionalInt+String.swift in Sources */ = {isa = PBXBuildFile; fileRef = E9B56034265DF939000FCD2B /* OptionalInt+String.swift */; };
		E9BCDE11265F4503008E7C53 /* FileManager+DocumentsDir.swift in Sources */ = {isa = PBXBuildFile; fileRef = E9BCDE10265F4503008E7C53 /* FileManager+DocumentsDir.swift */; };
		E9DBE027265C94F300D22F31 /* RollDiceApp.swift in Sources */ = {isa = PBXBuildFile; fileRef = E9DBE026265C94F300D22F31 /* RollDiceApp.swift */; };
		E9DBE02B265C94F400D22F31 /* Assets.xcassets in Resources */ = {isa = PBXBuildFile; fileRef = E9DBE02A265C94F400D22F31 /* Assets.xcassets */; };
		E9DBE02E265C94F400D22F31 /* Preview Assets.xcassets in Resources */ = {isa = PBXBuildFile; fileRef = E9DBE02D265C94F400D22F31 /* Preview Assets.xcassets */; };
		E9DBE030265C94F400D22F31 /* Persistence.swift in Sources */ = {isa = PBXBuildFile; fileRef = E9DBE02F265C94F400D22F31 /* Persistence.swift */; };
		E9DBE033265C94F400D22F31 /* RollDice.xcdatamodeld in Sources */ = {isa = PBXBuildFile; fileRef = E9DBE031265C94F400D22F31 /* RollDice.xcdatamodeld */; };
		E9DBE03E265C969600D22F31 /* ContentView.swift in Sources */ = {isa = PBXBuildFile; fileRef = E9DBE03D265C969600D22F31 /* ContentView.swift */; };
		E9DBE041265C97EB00D22F31 /* RollView.swift in Sources */ = {isa = PBXBuildFile; fileRef = E9DBE040265C97EB00D22F31 /* RollView.swift */; };
		E9E15F5F265FFD6F0045B7E1 /* ContentViewModel.swift in Sources */ = {isa = PBXBuildFile; fileRef = E9E15F5E265FFD6F0045B7E1 /* ContentViewModel.swift */; };
		E9E15F61265FFDEC0045B7E1 /* RollViewModel.swift in Sources */ = {isa = PBXBuildFile; fileRef = E9E15F60265FFDEC0045B7E1 /* RollViewModel.swift */; };
		E9E15F63265FFF480045B7E1 /* DieViewModel.swift in Sources */ = {isa = PBXBuildFile; fileRef = E9E15F62265FFF480045B7E1 /* DieViewModel.swift */; };
		E9E15F652660031C0045B7E1 /* SettingsViewModel.swift in Sources */ = {isa = PBXBuildFile; fileRef = E9E15F642660031C0045B7E1 /* SettingsViewModel.swift */; };
		E9E15F672660043E0045B7E1 /* HistoryViewModel.swift in Sources */ = {isa = PBXBuildFile; fileRef = E9E15F662660043E0045B7E1 /* HistoryViewModel.swift */; };
/* End PBXBuildFile section */

/* Begin PBXFileReference section */
		E985ACF4265EA5F700F8A7B2 /* SettingsView.swift */ = {isa = PBXFileReference; lastKnownFileType = sourcecode.swift; path = SettingsView.swift; sourceTree = "<group>"; };
		E985ACF6265EADAF00F8A7B2 /* ModelBase.swift */ = {isa = PBXFileReference; lastKnownFileType = sourcecode.swift; path = ModelBase.swift; sourceTree = "<group>"; };
		E985ACF8265EC52100F8A7B2 /* DieView.swift */ = {isa = PBXFileReference; lastKnownFileType = sourcecode.swift; path = DieView.swift; sourceTree = "<group>"; };
		E99646D6265CAD9100862171 /* HistoryView.swift */ = {isa = PBXFileReference; lastKnownFileType = sourcecode.swift; path = HistoryView.swift; sourceTree = "<group>"; };
		E99646D8265CAEFD00862171 /* Model.swift */ = {isa = PBXFileReference; lastKnownFileType = sourcecode.swift; path = Model.swift; sourceTree = "<group>"; };
		E99646DA265CB4EC00862171 /* RollRound.swift */ = {isa = PBXFileReference; lastKnownFileType = sourcecode.swift; path = RollRound.swift; sourceTree = "<group>"; };
		E99646DC265CB65100862171 /* RollRoundFile.swift */ = {isa = PBXFileReference; lastKnownFileType = sourcecode.swift; path = RollRoundFile.swift; sourceTree = "<group>"; };
		E9B5602C265DC3F4000FCD2B /* ModelFile.swift */ = {isa = PBXFileReference; lastKnownFileType = sourcecode.swift; path = ModelFile.swift; sourceTree = "<group>"; };
		E9B56031265DF540000FCD2B /* ModelPreview.swift */ = {isa = PBXFileReference; lastKnownFileType = sourcecode.swift; path = ModelPreview.swift; sourceTree = "<group>"; };
		E9B56034265DF939000FCD2B /* OptionalInt+String.swift */ = {isa = PBXFileReference; lastKnownFileType = sourcecode.swift; path = "OptionalInt+String.swift"; sourceTree = "<group>"; };
		E9BCDE10265F4503008E7C53 /* FileManager+DocumentsDir.swift */ = {isa = PBXFileReference; lastKnownFileType = sourcecode.swift; path = "FileManager+DocumentsDir.swift"; sourceTree = "<group>"; };
		E9DBE023265C94F300D22F31 /* RollDice.app */ = {isa = PBXFileReference; explicitFileType = wrapper.application; includeInIndex = 0; path = RollDice.app; sourceTree = BUILT_PRODUCTS_DIR; };
		E9DBE026265C94F300D22F31 /* RollDiceApp.swift */ = {isa = PBXFileReference; lastKnownFileType = sourcecode.swift; path = RollDiceApp.swift; sourceTree = "<group>"; };
		E9DBE02A265C94F400D22F31 /* Assets.xcassets */ = {isa = PBXFileReference; lastKnownFileType = folder.assetcatalog; path = Assets.xcassets; sourceTree = "<group>"; };
		E9DBE02D265C94F400D22F31 /* Preview Assets.xcassets */ = {isa = PBXFileReference; lastKnownFileType = folder.assetcatalog; path = "Preview Assets.xcassets"; sourceTree = "<group>"; };
		E9DBE02F265C94F400D22F31 /* Persistence.swift */ = {isa = PBXFileReference; lastKnownFileType = sourcecode.swift; path = Persistence.swift; sourceTree = "<group>"; };
		E9DBE032265C94F400D22F31 /* RollDice.xcdatamodel */ = {isa = PBXFileReference; lastKnownFileType = wrapper.xcdatamodel; path = RollDice.xcdatamodel; sourceTree = "<group>"; };
		E9DBE034265C94F400D22F31 /* Info.plist */ = {isa = PBXFileReference; lastKnownFileType = text.plist.xml; path = Info.plist; sourceTree = "<group>"; };
		E9DBE03D265C969600D22F31 /* ContentView.swift */ = {isa = PBXFileReference; lastKnownFileType = sourcecode.swift; path = ContentView.swift; sourceTree = "<group>"; };
		E9DBE040265C97EB00D22F31 /* RollView.swift */ = {isa = PBXFileReference; lastKnownFileType = sourcecode.swift; path = RollView.swift; sourceTree = "<group>"; };
		E9E15F5E265FFD6F0045B7E1 /* ContentViewModel.swift */ = {isa = PBXFileReference; lastKnownFileType = sourcecode.swift; path = ContentViewModel.swift; sourceTree = "<group>"; };
		E9E15F60265FFDEC0045B7E1 /* RollViewModel.swift */ = {isa = PBXFileReference; lastKnownFileType = sourcecode.swift; path = RollViewModel.swift; sourceTree = "<group>"; };
		E9E15F62265FFF480045B7E1 /* DieViewModel.swift */ = {isa = PBXFileReference; lastKnownFileType = sourcecode.swift; path = DieViewModel.swift; sourceTree = "<group>"; };
		E9E15F642660031C0045B7E1 /* SettingsViewModel.swift */ = {isa = PBXFileReference; lastKnownFileType = sourcecode.swift; path = SettingsViewModel.swift; sourceTree = "<group>"; };
		E9E15F662660043E0045B7E1 /* HistoryViewModel.swift */ = {isa = PBXFileReference; lastKnownFileType = sourcecode.swift; path = HistoryViewModel.swift; sourceTree = "<group>"; };
/* End PBXFileReference section */

/* Begin PBXFrameworksBuildPhase section */
		E9DBE020265C94F300D22F31 /* Frameworks */ = {
			isa = PBXFrameworksBuildPhase;
			buildActionMask = 2147483647;
			files = (
			);
			runOnlyForDeploymentPostprocessing = 0;
		};
/* End PBXFrameworksBuildPhase section */

/* Begin PBXGroup section */
		E9B5602F265DF286000FCD2B /* Implementations */ = {
			isa = PBXGroup;
			children = (
				E985ACF6265EADAF00F8A7B2 /* ModelBase.swift */,
				E9B56030265DF50F000FCD2B /* File */,
			);
			path = Implementations;
			sourceTree = "<group>";
		};
		E9B56030265DF50F000FCD2B /* File */ = {
			isa = PBXGroup;
			children = (
				E9B5602C265DC3F4000FCD2B /* ModelFile.swift */,
				E99646DC265CB65100862171 /* RollRoundFile.swift */,
			);
			path = File;
			sourceTree = "<group>";
		};
		E9B56033265DF8E9000FCD2B /* Extensions */ = {
			isa = PBXGroup;
			children = (
				E9B56034265DF939000FCD2B /* OptionalInt+String.swift */,
				E9BCDE10265F4503008E7C53 /* FileManager+DocumentsDir.swift */,
			);
			path = Extensions;
			sourceTree = "<group>";
		};
		E9DBE01A265C94F300D22F31 = {
			isa = PBXGroup;
			children = (
				E9DBE025265C94F300D22F31 /* RollDice */,
				E9DBE024265C94F300D22F31 /* Products */,
			);
			sourceTree = "<group>";
		};
		E9DBE024265C94F300D22F31 /* Products */ = {
			isa = PBXGroup;
			children = (
				E9DBE023265C94F300D22F31 /* RollDice.app */,
			);
			name = Products;
			sourceTree = "<group>";
		};
		E9DBE025265C94F300D22F31 /* RollDice */ = {
			isa = PBXGroup;
			children = (
				E9DBE026265C94F300D22F31 /* RollDiceApp.swift */,
				E9DBE03B265C960300D22F31 /* Models */,
				E9DBE03A265C95BE00D22F31 /* Views */,
				E9E15F5D265FFD270045B7E1 /* ViewModels */,
				E9B56033265DF8E9000FCD2B /* Extensions */,
				E9DBE02A265C94F400D22F31 /* Assets.xcassets */,
				E9DBE02F265C94F400D22F31 /* Persistence.swift */,
				E9DBE034265C94F400D22F31 /* Info.plist */,
				E9DBE031265C94F400D22F31 /* RollDice.xcdatamodeld */,
				E9DBE02C265C94F400D22F31 /* Preview Content */,
			);
			path = RollDice;
			sourceTree = "<group>";
		};
		E9DBE02C265C94F400D22F31 /* Preview Content */ = {
			isa = PBXGroup;
			children = (
				E9B56031265DF540000FCD2B /* ModelPreview.swift */,
				E9DBE02D265C94F400D22F31 /* Preview Assets.xcassets */,
			);
			path = "Preview Content";
			sourceTree = "<group>";
		};
		E9DBE03A265C95BE00D22F31 /* Views */ = {
			isa = PBXGroup;
			children = (
				E9DBE03D265C969600D22F31 /* ContentView.swift */,
				E9DBE040265C97EB00D22F31 /* RollView.swift */,
				E985ACF8265EC52100F8A7B2 /* DieView.swift */,
				E985ACF4265EA5F700F8A7B2 /* SettingsView.swift */,
				E99646D6265CAD9100862171 /* HistoryView.swift */,
			);
			path = Views;
			sourceTree = "<group>";
		};
		E9DBE03B265C960300D22F31 /* Models */ = {
			isa = PBXGroup;
			children = (
				E99646D8265CAEFD00862171 /* Model.swift */,
				E99646DA265CB4EC00862171 /* RollRound.swift */,
				E9B5602F265DF286000FCD2B /* Implementations */,
			);
			path = Models;
			sourceTree = "<group>";
		};
		E9E15F5D265FFD270045B7E1 /* ViewModels */ = {
			isa = PBXGroup;
			children = (
				E9E15F5E265FFD6F0045B7E1 /* ContentViewModel.swift */,
				E9E15F60265FFDEC0045B7E1 /* RollViewModel.swift */,
				E9E15F62265FFF480045B7E1 /* DieViewModel.swift */,
				E9E15F642660031C0045B7E1 /* SettingsViewModel.swift */,
				E9E15F662660043E0045B7E1 /* HistoryViewModel.swift */,
			);
			path = ViewModels;
			sourceTree = "<group>";
		};
/* End PBXGroup section */

/* Begin PBXNativeTarget section */
		E9DBE022265C94F300D22F31 /* RollDice */ = {
			isa = PBXNativeTarget;
			buildConfigurationList = E9DBE037265C94F400D22F31 /* Build configuration list for PBXNativeTarget "RollDice" */;
			buildPhases = (
				E9DBE01F265C94F300D22F31 /* Sources */,
				E9DBE020265C94F300D22F31 /* Frameworks */,
				E9DBE021265C94F300D22F31 /* Resources */,
			);
			buildRules = (
			);
			dependencies = (
			);
			name = RollDice;
			productName = RollDice;
			productReference = E9DBE023265C94F300D22F31 /* RollDice.app */;
			productType = "com.apple.product-type.application";
		};
/* End PBXNativeTarget section */

/* Begin PBXProject section */
		E9DBE01B265C94F300D22F31 /* Project object */ = {
			isa = PBXProject;
			attributes = {
				LastSwiftUpdateCheck = 1250;
				LastUpgradeCheck = 1250;
				TargetAttributes = {
					E9DBE022265C94F300D22F31 = {
						CreatedOnToolsVersion = 12.5;
					};
				};
			};
			buildConfigurationList = E9DBE01E265C94F300D22F31 /* Build configuration list for PBXProject "RollDice" */;
			compatibilityVersion = "Xcode 9.3";
			developmentRegion = en;
			hasScannedForEncodings = 0;
			knownRegions = (
				en,
				Base,
			);
			mainGroup = E9DBE01A265C94F300D22F31;
			productRefGroup = E9DBE024265C94F300D22F31 /* Products */;
			projectDirPath = "";
			projectRoot = "";
			targets = (
				E9DBE022265C94F300D22F31 /* RollDice */,
			);
		};
/* End PBXProject section */

/* Begin PBXResourcesBuildPhase section */
		E9DBE021265C94F300D22F31 /* Resources */ = {
			isa = PBXResourcesBuildPhase;
			buildActionMask = 2147483647;
			files = (
				E9DBE02E265C94F400D22F31 /* Preview Assets.xcassets in Resources */,
				E9DBE02B265C94F400D22F31 /* Assets.xcassets in Resources */,
			);
			runOnlyForDeploymentPostprocessing = 0;
		};
/* End PBXResourcesBuildPhase section */

/* Begin PBXSourcesBuildPhase section */
		E9DBE01F265C94F300D22F31 /* Sources */ = {
			isa = PBXSourcesBuildPhase;
			buildActionMask = 2147483647;
			files = (
				E9BCDE11265F4503008E7C53 /* FileManager+DocumentsDir.swift in Sources */,
				E9DBE030265C94F400D22F31 /* Persistence.swift in Sources */,
				E9B5602D265DC3F4000FCD2B /* ModelFile.swift in Sources */,
				E9E15F5F265FFD6F0045B7E1 /* ContentViewModel.swift in Sources */,
				E99646DB265CB4EC00862171 /* RollRound.swift in Sources */,
				E9B56032265DF540000FCD2B /* ModelPreview.swift in Sources */,
				E985ACF7265EADAF00F8A7B2 /* ModelBase.swift in Sources */,
				E9E15F61265FFDEC0045B7E1 /* RollViewModel.swift in Sources */,
				E99646D7265CAD9100862171 /* HistoryView.swift in Sources */,
				E99646D9265CAEFD00862171 /* Model.swift in Sources */,
				E9B56035265DF939000FCD2B /* OptionalInt+String.swift in Sources */,
				E9DBE041265C97EB00D22F31 /* RollView.swift in Sources */,
				E9DBE027265C94F300D22F31 /* RollDiceApp.swift in Sources */,
				E9E15F672660043E0045B7E1 /* HistoryViewModel.swift in Sources */,
				E99646DD265CB65100862171 /* RollRoundFile.swift in Sources */,
				E985ACF9265EC52100F8A7B2 /* DieView.swift in Sources */,
				E9E15F652660031C0045B7E1 /* SettingsViewModel.swift in Sources */,
				E9DBE033265C94F400D22F31 /* RollDice.xcdatamodeld in Sources */,
				E9E15F63265FFF480045B7E1 /* DieViewModel.swift in Sources */,
				E9DBE03E265C969600D22F31 /* ContentView.swift in Sources */,
				E985ACF5265EA5F700F8A7B2 /* SettingsView.swift in Sources */,
			);
			runOnlyForDeploymentPostprocessing = 0;
		};
/* End PBXSourcesBuildPhase section */

/* Begin XCBuildConfiguration section */
		E9DBE035265C94F400D22F31 /* Debug */ = {
			isa = XCBuildConfiguration;
			buildSettings = {
				ALWAYS_SEARCH_USER_PATHS = NO;
				CLANG_ANALYZER_NONNULL = YES;
				CLANG_ANALYZER_NUMBER_OBJECT_CONVERSION = YES_AGGRESSIVE;
				CLANG_CXX_LANGUAGE_STANDARD = "gnu++14";
				CLANG_CXX_LIBRARY = "libc++";
				CLANG_ENABLE_MODULES = YES;
				CLANG_ENABLE_OBJC_ARC = YES;
				CLANG_ENABLE_OBJC_WEAK = YES;
				CLANG_WARN_BLOCK_CAPTURE_AUTORELEASING = YES;
				CLANG_WARN_BOOL_CONVERSION = YES;
				CLANG_WARN_COMMA = YES;
				CLANG_WARN_CONSTANT_CONVERSION = YES;
				CLANG_WARN_DEPRECATED_OBJC_IMPLEMENTATIONS = YES;
				CLANG_WARN_DIRECT_OBJC_ISA_USAGE = YES_ERROR;
				CLANG_WARN_DOCUMENTATION_COMMENTS = YES;
				CLANG_WARN_EMPTY_BODY = YES;
				CLANG_WARN_ENUM_CONVERSION = YES;
				CLANG_WARN_INFINITE_RECURSION = YES;
				CLANG_WARN_INT_CONVERSION = YES;
				CLANG_WARN_NON_LITERAL_NULL_CONVERSION = YES;
				CLANG_WARN_OBJC_IMPLICIT_RETAIN_SELF = YES;
				CLANG_WARN_OBJC_LITERAL_CONVERSION = YES;
				CLANG_WARN_OBJC_ROOT_CLASS = YES_ERROR;
				CLANG_WARN_QUOTED_INCLUDE_IN_FRAMEWORK_HEADER = YES;
				CLANG_WARN_RANGE_LOOP_ANALYSIS = YES;
				CLANG_WARN_STRICT_PROTOTYPES = YES;
				CLANG_WARN_SUSPICIOUS_MOVE = YES;
				CLANG_WARN_UNGUARDED_AVAILABILITY = YES_AGGRESSIVE;
				CLANG_WARN_UNREACHABLE_CODE = YES;
				CLANG_WARN__DUPLICATE_METHOD_MATCH = YES;
				COPY_PHASE_STRIP = NO;
				DEBUG_INFORMATION_FORMAT = dwarf;
				ENABLE_STRICT_OBJC_MSGSEND = YES;
				ENABLE_TESTABILITY = YES;
				GCC_C_LANGUAGE_STANDARD = gnu11;
				GCC_DYNAMIC_NO_PIC = NO;
				GCC_NO_COMMON_BLOCKS = YES;
				GCC_OPTIMIZATION_LEVEL = 0;
				GCC_PREPROCESSOR_DEFINITIONS = (
					"DEBUG=1",
					"$(inherited)",
				);
				GCC_WARN_64_TO_32_BIT_CONVERSION = YES;
				GCC_WARN_ABOUT_RETURN_TYPE = YES_ERROR;
				GCC_WARN_UNDECLARED_SELECTOR = YES;
				GCC_WARN_UNINITIALIZED_AUTOS = YES_AGGRESSIVE;
				GCC_WARN_UNUSED_FUNCTION = YES;
				GCC_WARN_UNUSED_VARIABLE = YES;
				IPHONEOS_DEPLOYMENT_TARGET = 14.5;
				MTL_ENABLE_DEBUG_INFO = INCLUDE_SOURCE;
				MTL_FAST_MATH = YES;
				ONLY_ACTIVE_ARCH = YES;
				SDKROOT = iphoneos;
				SWIFT_ACTIVE_COMPILATION_CONDITIONS = DEBUG;
				SWIFT_OPTIMIZATION_LEVEL = "-Onone";
			};
			name = Debug;
		};
		E9DBE036265C94F400D22F31 /* Release */ = {
			isa = XCBuildConfiguration;
			buildSettings = {
				ALWAYS_SEARCH_USER_PATHS = NO;
				CLANG_ANALYZER_NONNULL = YES;
				CLANG_ANALYZER_NUMBER_OBJECT_CONVERSION = YES_AGGRESSIVE;
				CLANG_CXX_LANGUAGE_STANDARD = "gnu++14";
				CLANG_CXX_LIBRARY = "libc++";
				CLANG_ENABLE_MODULES = YES;
				CLANG_ENABLE_OBJC_ARC = YES;
				CLANG_ENABLE_OBJC_WEAK = YES;
				CLANG_WARN_BLOCK_CAPTURE_AUTORELEASING = YES;
				CLANG_WARN_BOOL_CONVERSION = YES;
				CLANG_WARN_COMMA = YES;
				CLANG_WARN_CONSTANT_CONVERSION = YES;
				CLANG_WARN_DEPRECATED_OBJC_IMPLEMENTATIONS = YES;
				CLANG_WARN_DIRECT_OBJC_ISA_USAGE = YES_ERROR;
				CLANG_WARN_DOCUMENTATION_COMMENTS = YES;
				CLANG_WARN_EMPTY_BODY = YES;
				CLANG_WARN_ENUM_CONVERSION = YES;
				CLANG_WARN_INFINITE_RECURSION = YES;
				CLANG_WARN_INT_CONVERSION = YES;
				CLANG_WARN_NON_LITERAL_NULL_CONVERSION = YES;
				CLANG_WARN_OBJC_IMPLICIT_RETAIN_SELF = YES;
				CLANG_WARN_OBJC_LITERAL_CONVERSION = YES;
				CLANG_WARN_OBJC_ROOT_CLASS = YES_ERROR;
				CLANG_WARN_QUOTED_INCLUDE_IN_FRAMEWORK_HEADER = YES;
				CLANG_WARN_RANGE_LOOP_ANALYSIS = YES;
				CLANG_WARN_STRICT_PROTOTYPES = YES;
				CLANG_WARN_SUSPICIOUS_MOVE = YES;
				CLANG_WARN_UNGUARDED_AVAILABILITY = YES_AGGRESSIVE;
				CLANG_WARN_UNREACHABLE_CODE = YES;
				CLANG_WARN__DUPLICATE_METHOD_MATCH = YES;
				COPY_PHASE_STRIP = NO;
				DEBUG_INFORMATION_FORMAT = "dwarf-with-dsym";
				ENABLE_NS_ASSERTIONS = NO;
				ENABLE_STRICT_OBJC_MSGSEND = YES;
				GCC_C_LANGUAGE_STANDARD = gnu11;
				GCC_NO_COMMON_BLOCKS = YES;
				GCC_WARN_64_TO_32_BIT_CONVERSION = YES;
				GCC_WARN_ABOUT_RETURN_TYPE = YES_ERROR;
				GCC_WARN_UNDECLARED_SELECTOR = YES;
				GCC_WARN_UNINITIALIZED_AUTOS = YES_AGGRESSIVE;
				GCC_WARN_UNUSED_FUNCTION = YES;
				GCC_WARN_UNUSED_VARIABLE = YES;
				IPHONEOS_DEPLOYMENT_TARGET = 14.5;
				MTL_ENABLE_DEBUG_INFO = NO;
				MTL_FAST_MATH = YES;
				SDKROOT = iphoneos;
				SWIFT_COMPILATION_MODE = wholemodule;
				SWIFT_OPTIMIZATION_LEVEL = "-O";
				VALIDATE_PRODUCT = YES;
			};
			name = Release;
		};
		E9DBE038265C94F400D22F31 /* Debug */ = {
			isa = XCBuildConfiguration;
			buildSettings = {
				ASSETCATALOG_COMPILER_APPICON_NAME = AppIcon;
				ASSETCATALOG_COMPILER_GLOBAL_ACCENT_COLOR_NAME = AccentColor;
				CODE_SIGN_STYLE = Automatic;
				DEVELOPMENT_ASSET_PATHS = "\"RollDice/Preview Content\"";
				DEVELOPMENT_TEAM = 4S76QPKJ4Q;
				ENABLE_PREVIEWS = YES;
				INFOPLIST_FILE = RollDice/Info.plist;
				IPHONEOS_DEPLOYMENT_TARGET = 14.0;
				LD_RUNPATH_SEARCH_PATHS = (
					"$(inherited)",
					"@executable_path/Frameworks",
				);
				PRODUCT_BUNDLE_IDENTIFIER = com.appeleando.RollDice;
				PRODUCT_NAME = "$(TARGET_NAME)";
				SWIFT_VERSION = 5.0;
				TARGETED_DEVICE_FAMILY = "1,2";
			};
			name = Debug;
		};
		E9DBE039265C94F400D22F31 /* Release */ = {
			isa = XCBuildConfiguration;
			buildSettings = {
				ASSETCATALOG_COMPILER_APPICON_NAME = AppIcon;
				ASSETCATALOG_COMPILER_GLOBAL_ACCENT_COLOR_NAME = AccentColor;
				CODE_SIGN_STYLE = Automatic;
				DEVELOPMENT_ASSET_PATHS = "\"RollDice/Preview Content\"";
				DEVELOPMENT_TEAM = 4S76QPKJ4Q;
				ENABLE_PREVIEWS = YES;
				INFOPLIST_FILE = RollDice/Info.plist;
				IPHONEOS_DEPLOYMENT_TARGET = 14.0;
				LD_RUNPATH_SEARCH_PATHS = (
					"$(inherited)",
					"@executable_path/Frameworks",
				);
				PRODUCT_BUNDLE_IDENTIFIER = com.appeleando.RollDice;
				PRODUCT_NAME = "$(TARGET_NAME)";
				SWIFT_VERSION = 5.0;
				TARGETED_DEVICE_FAMILY = "1,2";
			};
			name = Release;
		};
/* End XCBuildConfiguration section */

/* Begin XCConfigurationList section */
		E9DBE01E265C94F300D22F31 /* Build configuration list for PBXProject "RollDice" */ = {
			isa = XCConfigurationList;
			buildConfigurations = (
				E9DBE035265C94F400D22F31 /* Debug */,
				E9DBE036265C94F400D22F31 /* Release */,
			);
			defaultConfigurationIsVisible = 0;
			defaultConfigurationName = Release;
		};
		E9DBE037265C94F400D22F31 /* Build configuration list for PBXNativeTarget "RollDice" */ = {
			isa = XCConfigurationList;
			buildConfigurations = (
				E9DBE038265C94F400D22F31 /* Debug */,
				E9DBE039265C94F400D22F31 /* Release */,
			);
			defaultConfigurationIsVisible = 0;
			defaultConfigurationName = Release;
		};
/* End XCConfigurationList section */

/* Begin XCVersionGroup section */
		E9DBE031265C94F400D22F31 /* RollDice.xcdatamodeld */ = {
			isa = XCVersionGroup;
			children = (
				E9DBE032265C94F400D22F31 /* RollDice.xcdatamodel */,
			);
			currentVersion = E9DBE032265C94F400D22F31 /* RollDice.xcdatamodel */;
			path = RollDice.xcdatamodeld;
			sourceTree = "<group>";
			versionGroupType = wrapper.xcdatamodel;
		};
/* End XCVersionGroup section */
	};
	rootObject = E9DBE01B265C94F300D22F31 /* Project object */;
}
