// !$*UTF8*$!
{
	archiveVersion = 1;
	classes = {
	};
	objectVersion = 50;
	objects = {

/* Begin PBXBuildFile section */
		E96097F52659A0A000C528A9 /* Day93_1View.swift in Sources */ = {isa = PBXBuildFile; fileRef = E96097F42659A0A000C528A9 /* Day93_1View.swift */; };
		E96097F72659A12500C528A9 /* Day93_2View.swift in Sources */ = {isa = PBXBuildFile; fileRef = E96097F62659A12500C528A9 /* Day93_2View.swift */; };
		E96097F92659A1C400C528A9 /* Day93_3View.swift in Sources */ = {isa = PBXBuildFile; fileRef = E96097F82659A1C400C528A9 /* Day93_3View.swift */; };
		E98C7C3E2657D51300C9A6E1 /* LayoutAndGeometryApp.swift in Sources */ = {isa = PBXBuildFile; fileRef = E98C7C3D2657D51300C9A6E1 /* LayoutAndGeometryApp.swift */; };
		E98C7C402657D51300C9A6E1 /* ContentView.swift in Sources */ = {isa = PBXBuildFile; fileRef = E98C7C3F2657D51300C9A6E1 /* ContentView.swift */; };
		E98C7C422657D51400C9A6E1 /* Assets.xcassets in Resources */ = {isa = PBXBuildFile; fileRef = E98C7C412657D51400C9A6E1 /* Assets.xcassets */; };
		E98C7C452657D51400C9A6E1 /* Preview Assets.xcassets in Resources */ = {isa = PBXBuildFile; fileRef = E98C7C442657D51400C9A6E1 /* Preview Assets.xcassets */; };
		E98C7C4D2657D69300C9A6E1 /* Test1View.swift in Sources */ = {isa = PBXBuildFile; fileRef = E98C7C4C2657D69300C9A6E1 /* Test1View.swift */; };
		E98C7C4F2657DFA300C9A6E1 /* Test2View.swift in Sources */ = {isa = PBXBuildFile; fileRef = E98C7C4E2657DFA300C9A6E1 /* Test2View.swift */; };
/* End PBXBuildFile section */

/* Begin PBXFileReference section */
		E96097F42659A0A000C528A9 /* Day93_1View.swift */ = {isa = PBXFileReference; lastKnownFileType = sourcecode.swift; path = Day93_1View.swift; sourceTree = "<group>"; };
		E96097F62659A12500C528A9 /* Day93_2View.swift */ = {isa = PBXFileReference; lastKnownFileType = sourcecode.swift; path = Day93_2View.swift; sourceTree = "<group>"; };
		E96097F82659A1C400C528A9 /* Day93_3View.swift */ = {isa = PBXFileReference; lastKnownFileType = sourcecode.swift; path = Day93_3View.swift; sourceTree = "<group>"; };
		E98C7C3A2657D51300C9A6E1 /* LayoutAndGeometry.app */ = {isa = PBXFileReference; explicitFileType = wrapper.application; includeInIndex = 0; path = LayoutAndGeometry.app; sourceTree = BUILT_PRODUCTS_DIR; };
		E98C7C3D2657D51300C9A6E1 /* LayoutAndGeometryApp.swift */ = {isa = PBXFileReference; lastKnownFileType = sourcecode.swift; path = LayoutAndGeometryApp.swift; sourceTree = "<group>"; };
		E98C7C3F2657D51300C9A6E1 /* ContentView.swift */ = {isa = PBXFileReference; lastKnownFileType = sourcecode.swift; path = ContentView.swift; sourceTree = "<group>"; };
		E98C7C412657D51400C9A6E1 /* Assets.xcassets */ = {isa = PBXFileReference; lastKnownFileType = folder.assetcatalog; path = Assets.xcassets; sourceTree = "<group>"; };
		E98C7C442657D51400C9A6E1 /* Preview Assets.xcassets */ = {isa = PBXFileReference; lastKnownFileType = folder.assetcatalog; path = "Preview Assets.xcassets"; sourceTree = "<group>"; };
		E98C7C462657D51400C9A6E1 /* Info.plist */ = {isa = PBXFileReference; lastKnownFileType = text.plist.xml; path = Info.plist; sourceTree = "<group>"; };
		E98C7C4C2657D69300C9A6E1 /* Test1View.swift */ = {isa = PBXFileReference; lastKnownFileType = sourcecode.swift; path = Test1View.swift; sourceTree = "<group>"; };
		E98C7C4E2657DFA300C9A6E1 /* Test2View.swift */ = {isa = PBXFileReference; lastKnownFileType = sourcecode.swift; path = Test2View.swift; sourceTree = "<group>"; };
/* End PBXFileReference section */

/* Begin PBXFrameworksBuildPhase section */
		E98C7C372657D51300C9A6E1 /* Frameworks */ = {
			isa = PBXFrameworksBuildPhase;
			buildActionMask = 2147483647;
			files = (
			);
			runOnlyForDeploymentPostprocessing = 0;
		};
/* End PBXFrameworksBuildPhase section */

/* Begin PBXGroup section */
		E98C7C312657D51300C9A6E1 = {
			isa = PBXGroup;
			children = (
				E98C7C3C2657D51300C9A6E1 /* LayoutAndGeometry */,
				E98C7C3B2657D51300C9A6E1 /* Products */,
			);
			sourceTree = "<group>";
		};
		E98C7C3B2657D51300C9A6E1 /* Products */ = {
			isa = PBXGroup;
			children = (
				E98C7C3A2657D51300C9A6E1 /* LayoutAndGeometry.app */,
			);
			name = Products;
			sourceTree = "<group>";
		};
		E98C7C3C2657D51300C9A6E1 /* LayoutAndGeometry */ = {
			isa = PBXGroup;
			children = (
				E98C7C3D2657D51300C9A6E1 /* LayoutAndGeometryApp.swift */,
				E98C7C3F2657D51300C9A6E1 /* ContentView.swift */,
				E98C7C412657D51400C9A6E1 /* Assets.xcassets */,
				E98C7C462657D51400C9A6E1 /* Info.plist */,
				E98C7C432657D51400C9A6E1 /* Preview Content */,
				E98C7C4C2657D69300C9A6E1 /* Test1View.swift */,
				E98C7C4E2657DFA300C9A6E1 /* Test2View.swift */,
				E96097F42659A0A000C528A9 /* Day93_1View.swift */,
				E96097F62659A12500C528A9 /* Day93_2View.swift */,
				E96097F82659A1C400C528A9 /* Day93_3View.swift */,
			);
			path = LayoutAndGeometry;
			sourceTree = "<group>";
		};
		E98C7C432657D51400C9A6E1 /* Preview Content */ = {
			isa = PBXGroup;
			children = (
				E98C7C442657D51400C9A6E1 /* Preview Assets.xcassets */,
			);
			path = "Preview Content";
			sourceTree = "<group>";
		};
/* End PBXGroup section */

/* Begin PBXNativeTarget section */
		E98C7C392657D51300C9A6E1 /* LayoutAndGeometry */ = {
			isa = PBXNativeTarget;
			buildConfigurationList = E98C7C492657D51400C9A6E1 /* Build configuration list for PBXNativeTarget "LayoutAndGeometry" */;
			buildPhases = (
				E98C7C362657D51300C9A6E1 /* Sources */,
				E98C7C372657D51300C9A6E1 /* Frameworks */,
				E98C7C382657D51300C9A6E1 /* Resources */,
			);
			buildRules = (
			);
			dependencies = (
			);
			name = LayoutAndGeometry;
			productName = LayoutAndGeometry;
			productReference = E98C7C3A2657D51300C9A6E1 /* LayoutAndGeometry.app */;
			productType = "com.apple.product-type.application";
		};
/* End PBXNativeTarget section */

/* Begin PBXProject section */
		E98C7C322657D51300C9A6E1 /* Project object */ = {
			isa = PBXProject;
			attributes = {
				LastSwiftUpdateCheck = 1250;
				LastUpgradeCheck = 1250;
				TargetAttributes = {
					E98C7C392657D51300C9A6E1 = {
						CreatedOnToolsVersion = 12.5;
					};
				};
			};
			buildConfigurationList = E98C7C352657D51300C9A6E1 /* Build configuration list for PBXProject "LayoutAndGeometry" */;
			compatibilityVersion = "Xcode 9.3";
			developmentRegion = en;
			hasScannedForEncodings = 0;
			knownRegions = (
				en,
				Base,
			);
			mainGroup = E98C7C312657D51300C9A6E1;
			productRefGroup = E98C7C3B2657D51300C9A6E1 /* Products */;
			projectDirPath = "";
			projectRoot = "";
			targets = (
				E98C7C392657D51300C9A6E1 /* LayoutAndGeometry */,
			);
		};
/* End PBXProject section */

/* Begin PBXResourcesBuildPhase section */
		E98C7C382657D51300C9A6E1 /* Resources */ = {
			isa = PBXResourcesBuildPhase;
			buildActionMask = 2147483647;
			files = (
				E98C7C452657D51400C9A6E1 /* Preview Assets.xcassets in Resources */,
				E98C7C422657D51400C9A6E1 /* Assets.xcassets in Resources */,
			);
			runOnlyForDeploymentPostprocessing = 0;
		};
/* End PBXResourcesBuildPhase section */

/* Begin PBXSourcesBuildPhase section */
		E98C7C362657D51300C9A6E1 /* Sources */ = {
			isa = PBXSourcesBuildPhase;
			buildActionMask = 2147483647;
			files = (
				E96097F92659A1C400C528A9 /* Day93_3View.swift in Sources */,
				E98C7C402657D51300C9A6E1 /* ContentView.swift in Sources */,
				E98C7C4D2657D69300C9A6E1 /* Test1View.swift in Sources */,
				E96097F52659A0A000C528A9 /* Day93_1View.swift in Sources */,
				E98C7C3E2657D51300C9A6E1 /* LayoutAndGeometryApp.swift in Sources */,
				E96097F72659A12500C528A9 /* Day93_2View.swift in Sources */,
				E98C7C4F2657DFA300C9A6E1 /* Test2View.swift in Sources */,
			);
			runOnlyForDeploymentPostprocessing = 0;
		};
/* End PBXSourcesBuildPhase section */

/* Begin XCBuildConfiguration section */
		E98C7C472657D51400C9A6E1 /* Debug */ = {
			isa = XCBuildConfiguration;
			buildSettings = {
				ALWAYS_SEARCH_USER_PATHS = NO;
				CLANG_ANALYZER_NONNULL = YES;
				CLANG_ANALYZER_NUMBER_OBJECT_CONVERSION = YES_AGGRESSIVE;
				CLANG_CXX_LANGUAGE_STANDARD = "gnu++14";
				CLANG_CXX_LIBRARY = "libc++";
				CLANG_ENABLE_MODULES = YES;
				CLANG_ENABLE_OBJC_ARC = YES;
				CLANG_ENABLE_OBJC_WEAK = YES;
				CLANG_WARN_BLOCK_CAPTURE_AUTORELEASING = YES;
				CLANG_WARN_BOOL_CONVERSION = YES;
				CLANG_WARN_COMMA = YES;
				CLANG_WARN_CONSTANT_CONVERSION = YES;
				CLANG_WARN_DEPRECATED_OBJC_IMPLEMENTATIONS = YES;
				CLANG_WARN_DIRECT_OBJC_ISA_USAGE = YES_ERROR;
				CLANG_WARN_DOCUMENTATION_COMMENTS = YES;
				CLANG_WARN_EMPTY_BODY = YES;
				CLANG_WARN_ENUM_CONVERSION = YES;
				CLANG_WARN_INFINITE_RECURSION = YES;
				CLANG_WARN_INT_CONVERSION = YES;
				CLANG_WARN_NON_LITERAL_NULL_CONVERSION = YES;
				CLANG_WARN_OBJC_IMPLICIT_RETAIN_SELF = YES;
				CLANG_WARN_OBJC_LITERAL_CONVERSION = YES;
				CLANG_WARN_OBJC_ROOT_CLASS = YES_ERROR;
				CLANG_WARN_QUOTED_INCLUDE_IN_FRAMEWORK_HEADER = YES;
				CLANG_WARN_RANGE_LOOP_ANALYSIS = YES;
				CLANG_WARN_STRICT_PROTOTYPES = YES;
				CLANG_WARN_SUSPICIOUS_MOVE = YES;
				CLANG_WARN_UNGUARDED_AVAILABILITY = YES_AGGRESSIVE;
				CLANG_WARN_UNREACHABLE_CODE = YES;
				CLANG_WARN__DUPLICATE_METHOD_MATCH = YES;
				COPY_PHASE_STRIP = NO;
				DEBUG_INFORMATION_FORMAT = dwarf;
				ENABLE_STRICT_OBJC_MSGSEND = YES;
				ENABLE_TESTABILITY = YES;
				GCC_C_LANGUAGE_STANDARD = gnu11;
				GCC_DYNAMIC_NO_PIC = NO;
				GCC_NO_COMMON_BLOCKS = YES;
				GCC_OPTIMIZATION_LEVEL = 0;
				GCC_PREPROCESSOR_DEFINITIONS = (
					"DEBUG=1",
					"$(inherited)",
				);
				GCC_WARN_64_TO_32_BIT_CONVERSION = YES;
				GCC_WARN_ABOUT_RETURN_TYPE = YES_ERROR;
				GCC_WARN_UNDECLARED_SELECTOR = YES;
				GCC_WARN_UNINITIALIZED_AUTOS = YES_AGGRESSIVE;
				GCC_WARN_UNUSED_FUNCTION = YES;
				GCC_WARN_UNUSED_VARIABLE = YES;
				IPHONEOS_DEPLOYMENT_TARGET = 14.5;
				MTL_ENABLE_DEBUG_INFO = INCLUDE_SOURCE;
				MTL_FAST_MATH = YES;
				ONLY_ACTIVE_ARCH = YES;
				SDKROOT = iphoneos;
				SWIFT_ACTIVE_COMPILATION_CONDITIONS = DEBUG;
				SWIFT_OPTIMIZATION_LEVEL = "-Onone";
			};
			name = Debug;
		};
		E98C7C482657D51400C9A6E1 /* Release */ = {
			isa = XCBuildConfiguration;
			buildSettings = {
				ALWAYS_SEARCH_USER_PATHS = NO;
				CLANG_ANALYZER_NONNULL = YES;
				CLANG_ANALYZER_NUMBER_OBJECT_CONVERSION = YES_AGGRESSIVE;
				CLANG_CXX_LANGUAGE_STANDARD = "gnu++14";
				CLANG_CXX_LIBRARY = "libc++";
				CLANG_ENABLE_MODULES = YES;
				CLANG_ENABLE_OBJC_ARC = YES;
				CLANG_ENABLE_OBJC_WEAK = YES;
				CLANG_WARN_BLOCK_CAPTURE_AUTORELEASING = YES;
				CLANG_WARN_BOOL_CONVERSION = YES;
				CLANG_WARN_COMMA = YES;
				CLANG_WARN_CONSTANT_CONVERSION = YES;
				CLANG_WARN_DEPRECATED_OBJC_IMPLEMENTATIONS = YES;
				CLANG_WARN_DIRECT_OBJC_ISA_USAGE = YES_ERROR;
				CLANG_WARN_DOCUMENTATION_COMMENTS = YES;
				CLANG_WARN_EMPTY_BODY = YES;
				CLANG_WARN_ENUM_CONVERSION = YES;
				CLANG_WARN_INFINITE_RECURSION = YES;
				CLANG_WARN_INT_CONVERSION = YES;
				CLANG_WARN_NON_LITERAL_NULL_CONVERSION = YES;
				CLANG_WARN_OBJC_IMPLICIT_RETAIN_SELF = YES;
				CLANG_WARN_OBJC_LITERAL_CONVERSION = YES;
				CLANG_WARN_OBJC_ROOT_CLASS = YES_ERROR;
				CLANG_WARN_QUOTED_INCLUDE_IN_FRAMEWORK_HEADER = YES;
				CLANG_WARN_RANGE_LOOP_ANALYSIS = YES;
				CLANG_WARN_STRICT_PROTOTYPES = YES;
				CLANG_WARN_SUSPICIOUS_MOVE = YES;
				CLANG_WARN_UNGUARDED_AVAILABILITY = YES_AGGRESSIVE;
				CLANG_WARN_UNREACHABLE_CODE = YES;
				CLANG_WARN__DUPLICATE_METHOD_MATCH = YES;
				COPY_PHASE_STRIP = NO;
				DEBUG_INFORMATION_FORMAT = "dwarf-with-dsym";
				ENABLE_NS_ASSERTIONS = NO;
				ENABLE_STRICT_OBJC_MSGSEND = YES;
				GCC_C_LANGUAGE_STANDARD = gnu11;
				GCC_NO_COMMON_BLOCKS = YES;
				GCC_WARN_64_TO_32_BIT_CONVERSION = YES;
				GCC_WARN_ABOUT_RETURN_TYPE = YES_ERROR;
				GCC_WARN_UNDECLARED_SELECTOR = YES;
				GCC_WARN_UNINITIALIZED_AUTOS = YES_AGGRESSIVE;
				GCC_WARN_UNUSED_FUNCTION = YES;
				GCC_WARN_UNUSED_VARIABLE = YES;
				IPHONEOS_DEPLOYMENT_TARGET = 14.5;
				MTL_ENABLE_DEBUG_INFO = NO;
				MTL_FAST_MATH = YES;
				SDKROOT = iphoneos;
				SWIFT_COMPILATION_MODE = wholemodule;
				SWIFT_OPTIMIZATION_LEVEL = "-O";
				VALIDATE_PRODUCT = YES;
			};
			name = Release;
		};
		E98C7C4A2657D51400C9A6E1 /* Debug */ = {
			isa = XCBuildConfiguration;
			buildSettings = {
				ASSETCATALOG_COMPILER_APPICON_NAME = AppIcon;
				ASSETCATALOG_COMPILER_GLOBAL_ACCENT_COLOR_NAME = AccentColor;
				CODE_SIGN_STYLE = Automatic;
				DEVELOPMENT_ASSET_PATHS = "\"LayoutAndGeometry/Preview Content\"";
				DEVELOPMENT_TEAM = 4S76QPKJ4Q;
				ENABLE_PREVIEWS = YES;
				INFOPLIST_FILE = LayoutAndGeometry/Info.plist;
				IPHONEOS_DEPLOYMENT_TARGET = 14.0;
				LD_RUNPATH_SEARCH_PATHS = (
					"$(inherited)",
					"@executable_path/Frameworks",
				);
				PRODUCT_BUNDLE_IDENTIFIER = com.appeleando.LayoutAndGeometry;
				PRODUCT_NAME = "$(TARGET_NAME)";
				SWIFT_VERSION = 5.0;
				TARGETED_DEVICE_FAMILY = "1,2";
			};
			name = Debug;
		};
		E98C7C4B2657D51400C9A6E1 /* Release */ = {
			isa = XCBuildConfiguration;
			buildSettings = {
				ASSETCATALOG_COMPILER_APPICON_NAME = AppIcon;
				ASSETCATALOG_COMPILER_GLOBAL_ACCENT_COLOR_NAME = AccentColor;
				CODE_SIGN_STYLE = Automatic;
				DEVELOPMENT_ASSET_PATHS = "\"LayoutAndGeometry/Preview Content\"";
				DEVELOPMENT_TEAM = 4S76QPKJ4Q;
				ENABLE_PREVIEWS = YES;
				INFOPLIST_FILE = LayoutAndGeometry/Info.plist;
				IPHONEOS_DEPLOYMENT_TARGET = 14.0;
				LD_RUNPATH_SEARCH_PATHS = (
					"$(inherited)",
					"@executable_path/Frameworks",
				);
				PRODUCT_BUNDLE_IDENTIFIER = com.appeleando.LayoutAndGeometry;
				PRODUCT_NAME = "$(TARGET_NAME)";
				SWIFT_VERSION = 5.0;
				TARGETED_DEVICE_FAMILY = "1,2";
			};
			name = Release;
		};
/* End XCBuildConfiguration section */

/* Begin XCConfigurationList section */
		E98C7C352657D51300C9A6E1 /* Build configuration list for PBXProject "LayoutAndGeometry" */ = {
			isa = XCConfigurationList;
			buildConfigurations = (
				E98C7C472657D51400C9A6E1 /* Debug */,
				E98C7C482657D51400C9A6E1 /* Release */,
			);
			defaultConfigurationIsVisible = 0;
			defaultConfigurationName = Release;
		};
		E98C7C492657D51400C9A6E1 /* Build configuration list for PBXNativeTarget "LayoutAndGeometry" */ = {
			isa = XCConfigurationList;
			buildConfigurations = (
				E98C7C4A2657D51400C9A6E1 /* Debug */,
				E98C7C4B2657D51400C9A6E1 /* Release */,
			);
			defaultConfigurationIsVisible = 0;
			defaultConfigurationName = Release;
		};
/* End XCConfigurationList section */
	};
	rootObject = E98C7C322657D51300C9A6E1 /* Project object */;
}
