// !$*UTF8*$!
{
	archiveVersion = 1;
	classes = {
	};
	objectVersion = 50;
	objects = {

/* Begin PBXBuildFile section */
		E9066D312636143E00B06031 /* MapTestView.swift in Sources */ = {isa = PBXBuildFile; fileRef = E9066D302636143E00B06031 /* MapTestView.swift */; };
		E920AE452634A541009C571A /* BucketListApp.swift in Sources */ = {isa = PBXBuildFile; fileRef = E920AE442634A541009C571A /* BucketListApp.swift */; };
		E920AE472634A541009C571A /* ContentView.swift in Sources */ = {isa = PBXBuildFile; fileRef = E920AE462634A541009C571A /* ContentView.swift */; };
		E920AE492634A541009C571A /* Assets.xcassets in Resources */ = {isa = PBXBuildFile; fileRef = E920AE482634A541009C571A /* Assets.xcassets */; };
		E920AE4C2634A541009C571A /* Preview Assets.xcassets in Resources */ = {isa = PBXBuildFile; fileRef = E920AE4B2634A541009C571A /* Preview Assets.xcassets */; };
		E920AE542634A5ED009C571A /* Test1View.swift in Sources */ = {isa = PBXBuildFile; fileRef = E920AE532634A5ED009C571A /* Test1View.swift */; };
		E920AE562634A9DA009C571A /* Test2View.swift in Sources */ = {isa = PBXBuildFile; fileRef = E920AE552634A9DA009C571A /* Test2View.swift */; };
		E920AE582634ADBF009C571A /* Test3View.swift in Sources */ = {isa = PBXBuildFile; fileRef = E920AE572634ADBF009C571A /* Test3View.swift */; };
		E92C0BC326370AB100335152 /* Test4View.swift in Sources */ = {isa = PBXBuildFile; fileRef = E92C0BC226370AB100335152 /* Test4View.swift */; };
		E92C0BC526370BAA00335152 /* MapView.swift in Sources */ = {isa = PBXBuildFile; fileRef = E92C0BC426370BAA00335152 /* MapView.swift */; };
		E96A39F4263852D600EC4547 /* MKPointAnnotation-ObservableObject.swift in Sources */ = {isa = PBXBuildFile; fileRef = E96A39F3263852D600EC4547 /* MKPointAnnotation-ObservableObject.swift */; };
		E96A39F6263853A700EC4547 /* EditView.swift in Sources */ = {isa = PBXBuildFile; fileRef = E96A39F5263853A700EC4547 /* EditView.swift */; };
		E96A39F82638574800EC4547 /* Result.swift in Sources */ = {isa = PBXBuildFile; fileRef = E96A39F72638574800EC4547 /* Result.swift */; };
/* End PBXBuildFile section */

/* Begin PBXFileReference section */
		E9066D302636143E00B06031 /* MapTestView.swift */ = {isa = PBXFileReference; lastKnownFileType = sourcecode.swift; path = MapTestView.swift; sourceTree = "<group>"; };
		E920AE412634A541009C571A /* BucketList.app */ = {isa = PBXFileReference; explicitFileType = wrapper.application; includeInIndex = 0; path = BucketList.app; sourceTree = BUILT_PRODUCTS_DIR; };
		E920AE442634A541009C571A /* BucketListApp.swift */ = {isa = PBXFileReference; lastKnownFileType = sourcecode.swift; path = BucketListApp.swift; sourceTree = "<group>"; };
		E920AE462634A541009C571A /* ContentView.swift */ = {isa = PBXFileReference; lastKnownFileType = sourcecode.swift; path = ContentView.swift; sourceTree = "<group>"; };
		E920AE482634A541009C571A /* Assets.xcassets */ = {isa = PBXFileReference; lastKnownFileType = folder.assetcatalog; path = Assets.xcassets; sourceTree = "<group>"; };
		E920AE4B2634A541009C571A /* Preview Assets.xcassets */ = {isa = PBXFileReference; lastKnownFileType = folder.assetcatalog; path = "Preview Assets.xcassets"; sourceTree = "<group>"; };
		E920AE4D2634A541009C571A /* Info.plist */ = {isa = PBXFileReference; lastKnownFileType = text.plist.xml; path = Info.plist; sourceTree = "<group>"; };
		E920AE532634A5ED009C571A /* Test1View.swift */ = {isa = PBXFileReference; lastKnownFileType = sourcecode.swift; path = Test1View.swift; sourceTree = "<group>"; };
		E920AE552634A9DA009C571A /* Test2View.swift */ = {isa = PBXFileReference; lastKnownFileType = sourcecode.swift; path = Test2View.swift; sourceTree = "<group>"; };
		E920AE572634ADBF009C571A /* Test3View.swift */ = {isa = PBXFileReference; lastKnownFileType = sourcecode.swift; path = Test3View.swift; sourceTree = "<group>"; };
		E92C0BC226370AB100335152 /* Test4View.swift */ = {isa = PBXFileReference; lastKnownFileType = sourcecode.swift; path = Test4View.swift; sourceTree = "<group>"; };
		E92C0BC426370BAA00335152 /* MapView.swift */ = {isa = PBXFileReference; lastKnownFileType = sourcecode.swift; path = MapView.swift; sourceTree = "<group>"; };
		E96A39F3263852D600EC4547 /* MKPointAnnotation-ObservableObject.swift */ = {isa = PBXFileReference; lastKnownFileType = sourcecode.swift; path = "MKPointAnnotation-ObservableObject.swift"; sourceTree = "<group>"; };
		E96A39F5263853A700EC4547 /* EditView.swift */ = {isa = PBXFileReference; lastKnownFileType = sourcecode.swift; path = EditView.swift; sourceTree = "<group>"; };
		E96A39F72638574800EC4547 /* Result.swift */ = {isa = PBXFileReference; lastKnownFileType = sourcecode.swift; path = Result.swift; sourceTree = "<group>"; };
/* End PBXFileReference section */

/* Begin PBXFrameworksBuildPhase section */
		E920AE3E2634A541009C571A /* Frameworks */ = {
			isa = PBXFrameworksBuildPhase;
			buildActionMask = 2147483647;
			files = (
			);
			runOnlyForDeploymentPostprocessing = 0;
		};
/* End PBXFrameworksBuildPhase section */

/* Begin PBXGroup section */
		E920AE382634A541009C571A = {
			isa = PBXGroup;
			children = (
				E920AE432634A541009C571A /* BucketList */,
				E920AE422634A541009C571A /* Products */,
			);
			sourceTree = "<group>";
		};
		E920AE422634A541009C571A /* Products */ = {
			isa = PBXGroup;
			children = (
				E920AE412634A541009C571A /* BucketList.app */,
			);
			name = Products;
			sourceTree = "<group>";
		};
		E920AE432634A541009C571A /* BucketList */ = {
			isa = PBXGroup;
			children = (
				E920AE442634A541009C571A /* BucketListApp.swift */,
				E920AE462634A541009C571A /* ContentView.swift */,
				E92C0BC426370BAA00335152 /* MapView.swift */,
				E96A39F5263853A700EC4547 /* EditView.swift */,
				E96A39F72638574800EC4547 /* Result.swift */,
				E96A39F3263852D600EC4547 /* MKPointAnnotation-ObservableObject.swift */,
				E920AE482634A541009C571A /* Assets.xcassets */,
				E920AE4D2634A541009C571A /* Info.plist */,
				E920AE4A2634A541009C571A /* Preview Content */,
				E920AE532634A5ED009C571A /* Test1View.swift */,
				E920AE552634A9DA009C571A /* Test2View.swift */,
				E920AE572634ADBF009C571A /* Test3View.swift */,
				E92C0BC226370AB100335152 /* Test4View.swift */,
				E9066D302636143E00B06031 /* MapTestView.swift */,
			);
			path = BucketList;
			sourceTree = "<group>";
		};
		E920AE4A2634A541009C571A /* Preview Content */ = {
			isa = PBXGroup;
			children = (
				E920AE4B2634A541009C571A /* Preview Assets.xcassets */,
			);
			path = "Preview Content";
			sourceTree = "<group>";
		};
/* End PBXGroup section */

/* Begin PBXNativeTarget section */
		E920AE402634A541009C571A /* BucketList */ = {
			isa = PBXNativeTarget;
			buildConfigurationList = E920AE502634A541009C571A /* Build configuration list for PBXNativeTarget "BucketList" */;
			buildPhases = (
				E920AE3D2634A541009C571A /* Sources */,
				E920AE3E2634A541009C571A /* Frameworks */,
				E920AE3F2634A541009C571A /* Resources */,
			);
			buildRules = (
			);
			dependencies = (
			);
			name = BucketList;
			productName = BucketList;
			productReference = E920AE412634A541009C571A /* BucketList.app */;
			productType = "com.apple.product-type.application";
		};
/* End PBXNativeTarget section */

/* Begin PBXProject section */
		E920AE392634A541009C571A /* Project object */ = {
			isa = PBXProject;
			attributes = {
				LastSwiftUpdateCheck = 1250;
				LastUpgradeCheck = 1250;
				TargetAttributes = {
					E920AE402634A541009C571A = {
						CreatedOnToolsVersion = 12.5;
					};
				};
			};
			buildConfigurationList = E920AE3C2634A541009C571A /* Build configuration list for PBXProject "BucketList" */;
			compatibilityVersion = "Xcode 9.3";
			developmentRegion = en;
			hasScannedForEncodings = 0;
			knownRegions = (
				en,
				Base,
			);
			mainGroup = E920AE382634A541009C571A;
			productRefGroup = E920AE422634A541009C571A /* Products */;
			projectDirPath = "";
			projectRoot = "";
			targets = (
				E920AE402634A541009C571A /* BucketList */,
			);
		};
/* End PBXProject section */

/* Begin PBXResourcesBuildPhase section */
		E920AE3F2634A541009C571A /* Resources */ = {
			isa = PBXResourcesBuildPhase;
			buildActionMask = 2147483647;
			files = (
				E920AE4C2634A541009C571A /* Preview Assets.xcassets in Resources */,
				E920AE492634A541009C571A /* Assets.xcassets in Resources */,
			);
			runOnlyForDeploymentPostprocessing = 0;
		};
/* End PBXResourcesBuildPhase section */

/* Begin PBXSourcesBuildPhase section */
		E920AE3D2634A541009C571A /* Sources */ = {
			isa = PBXSourcesBuildPhase;
			buildActionMask = 2147483647;
			files = (
				E920AE472634A541009C571A /* ContentView.swift in Sources */,
				E92C0BC526370BAA00335152 /* MapView.swift in Sources */,
				E9066D312636143E00B06031 /* MapTestView.swift in Sources */,
				E920AE542634A5ED009C571A /* Test1View.swift in Sources */,
				E96A39F4263852D600EC4547 /* MKPointAnnotation-ObservableObject.swift in Sources */,
				E920AE452634A541009C571A /* BucketListApp.swift in Sources */,
				E96A39F6263853A700EC4547 /* EditView.swift in Sources */,
				E92C0BC326370AB100335152 /* Test4View.swift in Sources */,
				E920AE562634A9DA009C571A /* Test2View.swift in Sources */,
				E920AE582634ADBF009C571A /* Test3View.swift in Sources */,
				E96A39F82638574800EC4547 /* Result.swift in Sources */,
			);
			runOnlyForDeploymentPostprocessing = 0;
		};
/* End PBXSourcesBuildPhase section */

/* Begin XCBuildConfiguration section */
		E920AE4E2634A541009C571A /* Debug */ = {
			isa = XCBuildConfiguration;
			buildSettings = {
				ALWAYS_SEARCH_USER_PATHS = NO;
				CLANG_ANALYZER_NONNULL = YES;
				CLANG_ANALYZER_NUMBER_OBJECT_CONVERSION = YES_AGGRESSIVE;
				CLANG_CXX_LANGUAGE_STANDARD = "gnu++14";
				CLANG_CXX_LIBRARY = "libc++";
				CLANG_ENABLE_MODULES = YES;
				CLANG_ENABLE_OBJC_ARC = YES;
				CLANG_ENABLE_OBJC_WEAK = YES;
				CLANG_WARN_BLOCK_CAPTURE_AUTORELEASING = YES;
				CLANG_WARN_BOOL_CONVERSION = YES;
				CLANG_WARN_COMMA = YES;
				CLANG_WARN_CONSTANT_CONVERSION = YES;
				CLANG_WARN_DEPRECATED_OBJC_IMPLEMENTATIONS = YES;
				CLANG_WARN_DIRECT_OBJC_ISA_USAGE = YES_ERROR;
				CLANG_WARN_DOCUMENTATION_COMMENTS = YES;
				CLANG_WARN_EMPTY_BODY = YES;
				CLANG_WARN_ENUM_CONVERSION = YES;
				CLANG_WARN_INFINITE_RECURSION = YES;
				CLANG_WARN_INT_CONVERSION = YES;
				CLANG_WARN_NON_LITERAL_NULL_CONVERSION = YES;
				CLANG_WARN_OBJC_IMPLICIT_RETAIN_SELF = YES;
				CLANG_WARN_OBJC_LITERAL_CONVERSION = YES;
				CLANG_WARN_OBJC_ROOT_CLASS = YES_ERROR;
				CLANG_WARN_QUOTED_INCLUDE_IN_FRAMEWORK_HEADER = YES;
				CLANG_WARN_RANGE_LOOP_ANALYSIS = YES;
				CLANG_WARN_STRICT_PROTOTYPES = YES;
				CLANG_WARN_SUSPICIOUS_MOVE = YES;
				CLANG_WARN_UNGUARDED_AVAILABILITY = YES_AGGRESSIVE;
				CLANG_WARN_UNREACHABLE_CODE = YES;
				CLANG_WARN__DUPLICATE_METHOD_MATCH = YES;
				COPY_PHASE_STRIP = NO;
				DEBUG_INFORMATION_FORMAT = dwarf;
				ENABLE_STRICT_OBJC_MSGSEND = YES;
				ENABLE_TESTABILITY = YES;
				GCC_C_LANGUAGE_STANDARD = gnu11;
				GCC_DYNAMIC_NO_PIC = NO;
				GCC_NO_COMMON_BLOCKS = YES;
				GCC_OPTIMIZATION_LEVEL = 0;
				GCC_PREPROCESSOR_DEFINITIONS = (
					"DEBUG=1",
					"$(inherited)",
				);
				GCC_WARN_64_TO_32_BIT_CONVERSION = YES;
				GCC_WARN_ABOUT_RETURN_TYPE = YES_ERROR;
				GCC_WARN_UNDECLARED_SELECTOR = YES;
				GCC_WARN_UNINITIALIZED_AUTOS = YES_AGGRESSIVE;
				GCC_WARN_UNUSED_FUNCTION = YES;
				GCC_WARN_UNUSED_VARIABLE = YES;
				IPHONEOS_DEPLOYMENT_TARGET = 14.5;
				MTL_ENABLE_DEBUG_INFO = INCLUDE_SOURCE;
				MTL_FAST_MATH = YES;
				ONLY_ACTIVE_ARCH = YES;
				SDKROOT = iphoneos;
				SWIFT_ACTIVE_COMPILATION_CONDITIONS = DEBUG;
				SWIFT_OPTIMIZATION_LEVEL = "-Onone";
			};
			name = Debug;
		};
		E920AE4F2634A541009C571A /* Release */ = {
			isa = XCBuildConfiguration;
			buildSettings = {
				ALWAYS_SEARCH_USER_PATHS = NO;
				CLANG_ANALYZER_NONNULL = YES;
				CLANG_ANALYZER_NUMBER_OBJECT_CONVERSION = YES_AGGRESSIVE;
				CLANG_CXX_LANGUAGE_STANDARD = "gnu++14";
				CLANG_CXX_LIBRARY = "libc++";
				CLANG_ENABLE_MODULES = YES;
				CLANG_ENABLE_OBJC_ARC = YES;
				CLANG_ENABLE_OBJC_WEAK = YES;
				CLANG_WARN_BLOCK_CAPTURE_AUTORELEASING = YES;
				CLANG_WARN_BOOL_CONVERSION = YES;
				CLANG_WARN_COMMA = YES;
				CLANG_WARN_CONSTANT_CONVERSION = YES;
				CLANG_WARN_DEPRECATED_OBJC_IMPLEMENTATIONS = YES;
				CLANG_WARN_DIRECT_OBJC_ISA_USAGE = YES_ERROR;
				CLANG_WARN_DOCUMENTATION_COMMENTS = YES;
				CLANG_WARN_EMPTY_BODY = YES;
				CLANG_WARN_ENUM_CONVERSION = YES;
				CLANG_WARN_INFINITE_RECURSION = YES;
				CLANG_WARN_INT_CONVERSION = YES;
				CLANG_WARN_NON_LITERAL_NULL_CONVERSION = YES;
				CLANG_WARN_OBJC_IMPLICIT_RETAIN_SELF = YES;
				CLANG_WARN_OBJC_LITERAL_CONVERSION = YES;
				CLANG_WARN_OBJC_ROOT_CLASS = YES_ERROR;
				CLANG_WARN_QUOTED_INCLUDE_IN_FRAMEWORK_HEADER = YES;
				CLANG_WARN_RANGE_LOOP_ANALYSIS = YES;
				CLANG_WARN_STRICT_PROTOTYPES = YES;
				CLANG_WARN_SUSPICIOUS_MOVE = YES;
				CLANG_WARN_UNGUARDED_AVAILABILITY = YES_AGGRESSIVE;
				CLANG_WARN_UNREACHABLE_CODE = YES;
				CLANG_WARN__DUPLICATE_METHOD_MATCH = YES;
				COPY_PHASE_STRIP = NO;
				DEBUG_INFORMATION_FORMAT = "dwarf-with-dsym";
				ENABLE_NS_ASSERTIONS = NO;
				ENABLE_STRICT_OBJC_MSGSEND = YES;
				GCC_C_LANGUAGE_STANDARD = gnu11;
				GCC_NO_COMMON_BLOCKS = YES;
				GCC_WARN_64_TO_32_BIT_CONVERSION = YES;
				GCC_WARN_ABOUT_RETURN_TYPE = YES_ERROR;
				GCC_WARN_UNDECLARED_SELECTOR = YES;
				GCC_WARN_UNINITIALIZED_AUTOS = YES_AGGRESSIVE;
				GCC_WARN_UNUSED_FUNCTION = YES;
				GCC_WARN_UNUSED_VARIABLE = YES;
				IPHONEOS_DEPLOYMENT_TARGET = 14.5;
				MTL_ENABLE_DEBUG_INFO = NO;
				MTL_FAST_MATH = YES;
				SDKROOT = iphoneos;
				SWIFT_COMPILATION_MODE = wholemodule;
				SWIFT_OPTIMIZATION_LEVEL = "-O";
				VALIDATE_PRODUCT = YES;
			};
			name = Release;
		};
		E920AE512634A541009C571A /* Debug */ = {
			isa = XCBuildConfiguration;
			buildSettings = {
				ASSETCATALOG_COMPILER_APPICON_NAME = AppIcon;
				ASSETCATALOG_COMPILER_GLOBAL_ACCENT_COLOR_NAME = AccentColor;
				CODE_SIGN_STYLE = Automatic;
				DEVELOPMENT_ASSET_PATHS = "\"BucketList/Preview Content\"";
				DEVELOPMENT_TEAM = 4S76QPKJ4Q;
				ENABLE_PREVIEWS = YES;
				INFOPLIST_FILE = BucketList/Info.plist;
				IPHONEOS_DEPLOYMENT_TARGET = 14.0;
				LD_RUNPATH_SEARCH_PATHS = (
					"$(inherited)",
					"@executable_path/Frameworks",
				);
				PRODUCT_BUNDLE_IDENTIFIER = com.appeleando.BucketList;
				PRODUCT_NAME = "$(TARGET_NAME)";
				SWIFT_VERSION = 5.0;
				TARGETED_DEVICE_FAMILY = "1,2";
			};
			name = Debug;
		};
		E920AE522634A541009C571A /* Release */ = {
			isa = XCBuildConfiguration;
			buildSettings = {
				ASSETCATALOG_COMPILER_APPICON_NAME = AppIcon;
				ASSETCATALOG_COMPILER_GLOBAL_ACCENT_COLOR_NAME = AccentColor;
				CODE_SIGN_STYLE = Automatic;
				DEVELOPMENT_ASSET_PATHS = "\"BucketList/Preview Content\"";
				DEVELOPMENT_TEAM = 4S76QPKJ4Q;
				ENABLE_PREVIEWS = YES;
				INFOPLIST_FILE = BucketList/Info.plist;
				IPHONEOS_DEPLOYMENT_TARGET = 14.0;
				LD_RUNPATH_SEARCH_PATHS = (
					"$(inherited)",
					"@executable_path/Frameworks",
				);
				PRODUCT_BUNDLE_IDENTIFIER = com.appeleando.BucketList;
				PRODUCT_NAME = "$(TARGET_NAME)";
				SWIFT_VERSION = 5.0;
				TARGETED_DEVICE_FAMILY = "1,2";
			};
			name = Release;
		};
/* End XCBuildConfiguration section */

/* Begin XCConfigurationList section */
		E920AE3C2634A541009C571A /* Build configuration list for PBXProject "BucketList" */ = {
			isa = XCConfigurationList;
			buildConfigurations = (
				E920AE4E2634A541009C571A /* Debug */,
				E920AE4F2634A541009C571A /* Release */,
			);
			defaultConfigurationIsVisible = 0;
			defaultConfigurationName = Release;
		};
		E920AE502634A541009C571A /* Build configuration list for PBXNativeTarget "BucketList" */ = {
			isa = XCConfigurationList;
			buildConfigurations = (
				E920AE512634A541009C571A /* Debug */,
				E920AE522634A541009C571A /* Release */,
			);
			defaultConfigurationIsVisible = 0;
			defaultConfigurationName = Release;
		};
/* End XCConfigurationList section */
	};
	rootObject = E920AE392634A541009C571A /* Project object */;
}
